// !$*UTF8*$!
{
	archiveVersion = 1;
	classes = {
	};
	objectVersion = 46;
	objects = {

/* Begin PBXBuildFile section */
		9FD8F2431B6BD0E100B2DAF7 /* AppDelegate.swift in Sources */ = {isa = PBXBuildFile; fileRef = 9FD8F2421B6BD0E100B2DAF7 /* AppDelegate.swift */; };
		9FD8F2451B6BD0E100B2DAF7 /* ViewController.swift in Sources */ = {isa = PBXBuildFile; fileRef = 9FD8F2441B6BD0E100B2DAF7 /* ViewController.swift */; };
		9FD8F2481B6BD0E100B2DAF7 /* Main.storyboard in Resources */ = {isa = PBXBuildFile; fileRef = 9FD8F2461B6BD0E100B2DAF7 /* Main.storyboard */; };
		9FD8F24A1B6BD0E100B2DAF7 /* Images.xcassets in Resources */ = {isa = PBXBuildFile; fileRef = 9FD8F2491B6BD0E100B2DAF7 /* Images.xcassets */; };
		9FD8F24D1B6BD0E100B2DAF7 /* LaunchScreen.xib in Resources */ = {isa = PBXBuildFile; fileRef = 9FD8F24B1B6BD0E100B2DAF7 /* LaunchScreen.xib */; };
		9FD8F2591B6BD0E100B2DAF7 /* SLUGGRTests.swift in Sources */ = {isa = PBXBuildFile; fileRef = 9FD8F2581B6BD0E100B2DAF7 /* SLUGGRTests.swift */; };
		9FD8F2631B6BF6AC00B2DAF7 /* UserTableViewCell.swift in Sources */ = {isa = PBXBuildFile; fileRef = 9FD8F2621B6BF6AC00B2DAF7 /* UserTableViewCell.swift */; };
		9FD8F2651B6BF8CF00B2DAF7 /* LoginViewController.swift in Sources */ = {isa = PBXBuildFile; fileRef = 9FD8F2641B6BF8CF00B2DAF7 /* LoginViewController.swift */; };
		9FD8F26C1B6FB8E800B2DAF7 /* MapKit.framework in Frameworks */ = {isa = PBXBuildFile; fileRef = 9FD8F26B1B6FB8E800B2DAF7 /* MapKit.framework */; };
		9FD8F2711B6FCA8300B2DAF7 /* Users.swift in Sources */ = {isa = PBXBuildFile; fileRef = 9FD8F2701B6FCA8300B2DAF7 /* Users.swift */; };
		9FD8F2731B6FCE5700B2DAF7 /* Groups.swift in Sources */ = {isa = PBXBuildFile; fileRef = 9FD8F2721B6FCE5700B2DAF7 /* Groups.swift */; };
		9FDAB5871B72674C007F5327 /* EditProfileViewController.swift in Sources */ = {isa = PBXBuildFile; fileRef = 9FDAB5861B72674C007F5327 /* EditProfileViewController.swift */; };
		9FDAB5931B73AA69007F5327 /* ProfileTextFieldTableViewCell.swift in Sources */ = {isa = PBXBuildFile; fileRef = 9FDAB5921B73AA69007F5327 /* ProfileTextFieldTableViewCell.swift */; };
		9FDAB5951B73AB48007F5327 /* ProfileTextViewTableViewCell.swift in Sources */ = {isa = PBXBuildFile; fileRef = 9FDAB5941B73AB48007F5327 /* ProfileTextViewTableViewCell.swift */; };
		9FDAB5971B73ABEF007F5327 /* ProfileSwitchTableViewCell.swift in Sources */ = {isa = PBXBuildFile; fileRef = 9FDAB5961B73ABEF007F5327 /* ProfileSwitchTableViewCell.swift */; };
		9FDAB5991B73AC61007F5327 /* ProfileDateTableViewCell.swift in Sources */ = {isa = PBXBuildFile; fileRef = 9FDAB5981B73AC61007F5327 /* ProfileDateTableViewCell.swift */; };
		9FDAB59B1B73ACA1007F5327 /* ProfileMapTableViewCell.swift in Sources */ = {isa = PBXBuildFile; fileRef = 9FDAB59A1B73ACA1007F5327 /* ProfileMapTableViewCell.swift */; };
		9FDAB5A21B753104007F5327 /* ProfileLabelTableViewCell.swift in Sources */ = {isa = PBXBuildFile; fileRef = 9FDAB5A11B753104007F5327 /* ProfileLabelTableViewCell.swift */; };
		9FDAB5A41B7532E7007F5327 /* CurrentUserManager.swift in Sources */ = {isa = PBXBuildFile; fileRef = 9FDAB5A31B7532E7007F5327 /* CurrentUserManager.swift */; };
/* End PBXBuildFile section */

/* Begin PBXContainerItemProxy section */
		9FD8F2531B6BD0E100B2DAF7 /* PBXContainerItemProxy */ = {
			isa = PBXContainerItemProxy;
			containerPortal = 9FD8F2351B6BD0E100B2DAF7 /* Project object */;
			proxyType = 1;
			remoteGlobalIDString = 9FD8F23C1B6BD0E100B2DAF7;
			remoteInfo = SLUGGR;
		};
/* End PBXContainerItemProxy section */

/* Begin PBXFileReference section */
		9FD8F23D1B6BD0E100B2DAF7 /* SLUGGR.app */ = {isa = PBXFileReference; explicitFileType = wrapper.application; includeInIndex = 0; path = SLUGGR.app; sourceTree = BUILT_PRODUCTS_DIR; };
		9FD8F2411B6BD0E100B2DAF7 /* Info.plist */ = {isa = PBXFileReference; lastKnownFileType = text.plist.xml; path = Info.plist; sourceTree = "<group>"; };
		9FD8F2421B6BD0E100B2DAF7 /* AppDelegate.swift */ = {isa = PBXFileReference; lastKnownFileType = sourcecode.swift; path = AppDelegate.swift; sourceTree = "<group>"; };
		9FD8F2441B6BD0E100B2DAF7 /* ViewController.swift */ = {isa = PBXFileReference; lastKnownFileType = sourcecode.swift; path = ViewController.swift; sourceTree = "<group>"; };
		9FD8F2471B6BD0E100B2DAF7 /* Base */ = {isa = PBXFileReference; lastKnownFileType = file.storyboard; name = Base; path = Base.lproj/Main.storyboard; sourceTree = "<group>"; };
		9FD8F2491B6BD0E100B2DAF7 /* Images.xcassets */ = {isa = PBXFileReference; lastKnownFileType = folder.assetcatalog; path = Images.xcassets; sourceTree = "<group>"; };
		9FD8F24C1B6BD0E100B2DAF7 /* Base */ = {isa = PBXFileReference; lastKnownFileType = file.xib; name = Base; path = Base.lproj/LaunchScreen.xib; sourceTree = "<group>"; };
		9FD8F2521B6BD0E100B2DAF7 /* SLUGGRTests.xctest */ = {isa = PBXFileReference; explicitFileType = wrapper.cfbundle; includeInIndex = 0; path = SLUGGRTests.xctest; sourceTree = BUILT_PRODUCTS_DIR; };
		9FD8F2571B6BD0E100B2DAF7 /* Info.plist */ = {isa = PBXFileReference; lastKnownFileType = text.plist.xml; path = Info.plist; sourceTree = "<group>"; };
		9FD8F2581B6BD0E100B2DAF7 /* SLUGGRTests.swift */ = {isa = PBXFileReference; lastKnownFileType = sourcecode.swift; path = SLUGGRTests.swift; sourceTree = "<group>"; };
		9FD8F2621B6BF6AC00B2DAF7 /* UserTableViewCell.swift */ = {isa = PBXFileReference; fileEncoding = 4; lastKnownFileType = sourcecode.swift; path = UserTableViewCell.swift; sourceTree = "<group>"; };
		9FD8F2641B6BF8CF00B2DAF7 /* LoginViewController.swift */ = {isa = PBXFileReference; fileEncoding = 4; lastKnownFileType = sourcecode.swift; path = LoginViewController.swift; sourceTree = "<group>"; };
		9FD8F26B1B6FB8E800B2DAF7 /* MapKit.framework */ = {isa = PBXFileReference; lastKnownFileType = wrapper.framework; name = MapKit.framework; path = System/Library/Frameworks/MapKit.framework; sourceTree = SDKROOT; };
		9FD8F2701B6FCA8300B2DAF7 /* Users.swift */ = {isa = PBXFileReference; fileEncoding = 4; lastKnownFileType = sourcecode.swift; path = Users.swift; sourceTree = "<group>"; };
		9FD8F2721B6FCE5700B2DAF7 /* Groups.swift */ = {isa = PBXFileReference; fileEncoding = 4; lastKnownFileType = sourcecode.swift; path = Groups.swift; sourceTree = "<group>"; };
		9FDAB5861B72674C007F5327 /* EditProfileViewController.swift */ = {isa = PBXFileReference; fileEncoding = 4; lastKnownFileType = sourcecode.swift; path = EditProfileViewController.swift; sourceTree = "<group>"; };
		9FDAB5921B73AA69007F5327 /* ProfileTextFieldTableViewCell.swift */ = {isa = PBXFileReference; fileEncoding = 4; lastKnownFileType = sourcecode.swift; path = ProfileTextFieldTableViewCell.swift; sourceTree = "<group>"; };
		9FDAB5941B73AB48007F5327 /* ProfileTextViewTableViewCell.swift */ = {isa = PBXFileReference; fileEncoding = 4; lastKnownFileType = sourcecode.swift; path = ProfileTextViewTableViewCell.swift; sourceTree = "<group>"; };
		9FDAB5961B73ABEF007F5327 /* ProfileSwitchTableViewCell.swift */ = {isa = PBXFileReference; fileEncoding = 4; lastKnownFileType = sourcecode.swift; path = ProfileSwitchTableViewCell.swift; sourceTree = "<group>"; };
		9FDAB5981B73AC61007F5327 /* ProfileDateTableViewCell.swift */ = {isa = PBXFileReference; fileEncoding = 4; lastKnownFileType = sourcecode.swift; path = ProfileDateTableViewCell.swift; sourceTree = "<group>"; };
		9FDAB59A1B73ACA1007F5327 /* ProfileMapTableViewCell.swift */ = {isa = PBXFileReference; fileEncoding = 4; lastKnownFileType = sourcecode.swift; path = ProfileMapTableViewCell.swift; sourceTree = "<group>"; };
		9FDAB5A11B753104007F5327 /* ProfileLabelTableViewCell.swift */ = {isa = PBXFileReference; fileEncoding = 4; lastKnownFileType = sourcecode.swift; path = ProfileLabelTableViewCell.swift; sourceTree = "<group>"; };
		9FDAB5A31B7532E7007F5327 /* CurrentUserManager.swift */ = {isa = PBXFileReference; fileEncoding = 4; lastKnownFileType = sourcecode.swift; path = CurrentUserManager.swift; sourceTree = "<group>"; };
/* End PBXFileReference section */

/* Begin PBXFrameworksBuildPhase section */
		9FD8F23A1B6BD0E100B2DAF7 /* Frameworks */ = {
			isa = PBXFrameworksBuildPhase;
			buildActionMask = 2147483647;
			files = (
				9FD8F26C1B6FB8E800B2DAF7 /* MapKit.framework in Frameworks */,
			);
			runOnlyForDeploymentPostprocessing = 0;
		};
		9FD8F24F1B6BD0E100B2DAF7 /* Frameworks */ = {
			isa = PBXFrameworksBuildPhase;
			buildActionMask = 2147483647;
			files = (
			);
			runOnlyForDeploymentPostprocessing = 0;
		};
/* End PBXFrameworksBuildPhase section */

/* Begin PBXGroup section */
		9FD8F2341B6BD0E100B2DAF7 = {
			isa = PBXGroup;
			children = (
				9FD8F23F1B6BD0E100B2DAF7 /* SLUGGR */,
				9FD8F2551B6BD0E100B2DAF7 /* SLUGGRTests */,
				9FD8F23E1B6BD0E100B2DAF7 /* Products */,
			);
			sourceTree = "<group>";
		};
		9FD8F23E1B6BD0E100B2DAF7 /* Products */ = {
			isa = PBXGroup;
			children = (
				9FD8F23D1B6BD0E100B2DAF7 /* SLUGGR.app */,
				9FD8F2521B6BD0E100B2DAF7 /* SLUGGRTests.xctest */,
			);
			name = Products;
			sourceTree = "<group>";
		};
		9FD8F23F1B6BD0E100B2DAF7 /* SLUGGR */ = {
			isa = PBXGroup;
			children = (
				9FD8F2421B6BD0E100B2DAF7 /* AppDelegate.swift */,
				9FDAB5881B72675E007F5327 /* View Controllers */,
				9FDAB5891B726771007F5327 /* Custom TableView Cells */,
				9FD8F2721B6FCE5700B2DAF7 /* Groups.swift */,
				9FDAB5A31B7532E7007F5327 /* CurrentUserManager.swift */,
				9FD8F2701B6FCA8300B2DAF7 /* Users.swift */,
				9FD8F2461B6BD0E100B2DAF7 /* Main.storyboard */,
				9FD8F2491B6BD0E100B2DAF7 /* Images.xcassets */,
				9FD8F24B1B6BD0E100B2DAF7 /* LaunchScreen.xib */,
				9FD8F26D1B6FC77A00B2DAF7 /* Frameworks */,
				9FD8F2401B6BD0E100B2DAF7 /* Supporting Files */,
			);
			path = SLUGGR;
			sourceTree = "<group>";
		};
		9FD8F2401B6BD0E100B2DAF7 /* Supporting Files */ = {
			isa = PBXGroup;
			children = (
				9FD8F2411B6BD0E100B2DAF7 /* Info.plist */,
			);
			name = "Supporting Files";
			sourceTree = "<group>";
		};
		9FD8F2551B6BD0E100B2DAF7 /* SLUGGRTests */ = {
			isa = PBXGroup;
			children = (
				9FD8F2581B6BD0E100B2DAF7 /* SLUGGRTests.swift */,
				9FD8F2561B6BD0E100B2DAF7 /* Supporting Files */,
			);
			path = SLUGGRTests;
			sourceTree = "<group>";
		};
		9FD8F2561B6BD0E100B2DAF7 /* Supporting Files */ = {
			isa = PBXGroup;
			children = (
				9FD8F2571B6BD0E100B2DAF7 /* Info.plist */,
			);
			name = "Supporting Files";
			sourceTree = "<group>";
		};
		9FD8F26D1B6FC77A00B2DAF7 /* Frameworks */ = {
			isa = PBXGroup;
			children = (
				9FD8F26B1B6FB8E800B2DAF7 /* MapKit.framework */,
			);
			name = Frameworks;
			path = ..;
			sourceTree = "<group>";
		};
		9FDAB5881B72675E007F5327 /* View Controllers */ = {
			isa = PBXGroup;
			children = (
				9FD8F2441B6BD0E100B2DAF7 /* ViewController.swift */,
				9FD8F2641B6BF8CF00B2DAF7 /* LoginViewController.swift */,
				9FDAB5861B72674C007F5327 /* EditProfileViewController.swift */,
			);
			name = "View Controllers";
			sourceTree = "<group>";
		};
		9FDAB5891B726771007F5327 /* Custom TableView Cells */ = {
			isa = PBXGroup;
			children = (
				9FDAB5A11B753104007F5327 /* ProfileLabelTableViewCell.swift */,
				9FDAB5921B73AA69007F5327 /* ProfileTextFieldTableViewCell.swift */,
				9FDAB5941B73AB48007F5327 /* ProfileTextViewTableViewCell.swift */,
				9FDAB5961B73ABEF007F5327 /* ProfileSwitchTableViewCell.swift */,
				9FDAB5981B73AC61007F5327 /* ProfileDateTableViewCell.swift */,
				9FDAB59A1B73ACA1007F5327 /* ProfileMapTableViewCell.swift */,
				9FD8F2621B6BF6AC00B2DAF7 /* UserTableViewCell.swift */,
			);
			name = "Custom TableView Cells";
			sourceTree = "<group>";
		};
/* End PBXGroup section */

/* Begin PBXNativeTarget section */
		9FD8F23C1B6BD0E100B2DAF7 /* SLUGGR */ = {
			isa = PBXNativeTarget;
			buildConfigurationList = 9FD8F25C1B6BD0E100B2DAF7 /* Build configuration list for PBXNativeTarget "SLUGGR" */;
			buildPhases = (
				9FD8F2391B6BD0E100B2DAF7 /* Sources */,
				9FD8F23A1B6BD0E100B2DAF7 /* Frameworks */,
				9FD8F23B1B6BD0E100B2DAF7 /* Resources */,
			);
			buildRules = (
			);
			dependencies = (
			);
			name = SLUGGR;
			productName = SLUGGR;
			productReference = 9FD8F23D1B6BD0E100B2DAF7 /* SLUGGR.app */;
			productType = "com.apple.product-type.application";
		};
		9FD8F2511B6BD0E100B2DAF7 /* SLUGGRTests */ = {
			isa = PBXNativeTarget;
			buildConfigurationList = 9FD8F25F1B6BD0E100B2DAF7 /* Build configuration list for PBXNativeTarget "SLUGGRTests" */;
			buildPhases = (
				9FD8F24E1B6BD0E100B2DAF7 /* Sources */,
				9FD8F24F1B6BD0E100B2DAF7 /* Frameworks */,
				9FD8F2501B6BD0E100B2DAF7 /* Resources */,
			);
			buildRules = (
			);
			dependencies = (
				9FD8F2541B6BD0E100B2DAF7 /* PBXTargetDependency */,
			);
			name = SLUGGRTests;
			productName = SLUGGRTests;
			productReference = 9FD8F2521B6BD0E100B2DAF7 /* SLUGGRTests.xctest */;
			productType = "com.apple.product-type.bundle.unit-test";
		};
/* End PBXNativeTarget section */

/* Begin PBXProject section */
		9FD8F2351B6BD0E100B2DAF7 /* Project object */ = {
			isa = PBXProject;
			attributes = {
				LastUpgradeCheck = 0630;
				ORGANIZATIONNAME = DustinHennessy;
				TargetAttributes = {
					9FD8F23C1B6BD0E100B2DAF7 = {
						CreatedOnToolsVersion = 6.3.2;
						SystemCapabilities = {
							com.apple.Maps.iOS = {
								enabled = 1;
							};
						};
					};
					9FD8F2511B6BD0E100B2DAF7 = {
						CreatedOnToolsVersion = 6.3.2;
						TestTargetID = 9FD8F23C1B6BD0E100B2DAF7;
					};
				};
			};
			buildConfigurationList = 9FD8F2381B6BD0E100B2DAF7 /* Build configuration list for PBXProject "SLUGGR" */;
			compatibilityVersion = "Xcode 3.2";
			developmentRegion = English;
			hasScannedForEncodings = 0;
			knownRegions = (
				en,
				Base,
			);
			mainGroup = 9FD8F2341B6BD0E100B2DAF7;
			productRefGroup = 9FD8F23E1B6BD0E100B2DAF7 /* Products */;
			projectDirPath = "";
			projectRoot = "";
			targets = (
				9FD8F23C1B6BD0E100B2DAF7 /* SLUGGR */,
				9FD8F2511B6BD0E100B2DAF7 /* SLUGGRTests */,
			);
		};
/* End PBXProject section */

/* Begin PBXResourcesBuildPhase section */
		9FD8F23B1B6BD0E100B2DAF7 /* Resources */ = {
			isa = PBXResourcesBuildPhase;
			buildActionMask = 2147483647;
			files = (
				9FD8F2481B6BD0E100B2DAF7 /* Main.storyboard in Resources */,
				9FD8F24D1B6BD0E100B2DAF7 /* LaunchScreen.xib in Resources */,
				9FD8F24A1B6BD0E100B2DAF7 /* Images.xcassets in Resources */,
			);
			runOnlyForDeploymentPostprocessing = 0;
		};
		9FD8F2501B6BD0E100B2DAF7 /* Resources */ = {
			isa = PBXResourcesBuildPhase;
			buildActionMask = 2147483647;
			files = (
			);
			runOnlyForDeploymentPostprocessing = 0;
		};
/* End PBXResourcesBuildPhase section */

/* Begin PBXSourcesBuildPhase section */
		9FD8F2391B6BD0E100B2DAF7 /* Sources */ = {
			isa = PBXSourcesBuildPhase;
			buildActionMask = 2147483647;
			files = (
				9FDAB5951B73AB48007F5327 /* ProfileTextViewTableViewCell.swift in Sources */,
				9FD8F2651B6BF8CF00B2DAF7 /* LoginViewController.swift in Sources */,
				9FDAB5971B73ABEF007F5327 /* ProfileSwitchTableViewCell.swift in Sources */,
				9FD8F2451B6BD0E100B2DAF7 /* ViewController.swift in Sources */,
				9FDAB59B1B73ACA1007F5327 /* ProfileMapTableViewCell.swift in Sources */,
				9FDAB5A41B7532E7007F5327 /* CurrentUserManager.swift in Sources */,
				9FD8F2711B6FCA8300B2DAF7 /* Users.swift in Sources */,
				9FD8F2631B6BF6AC00B2DAF7 /* UserTableViewCell.swift in Sources */,
				9FDAB5A21B753104007F5327 /* ProfileLabelTableViewCell.swift in Sources */,
				9FD8F2431B6BD0E100B2DAF7 /* AppDelegate.swift in Sources */,
				9FD8F2731B6FCE5700B2DAF7 /* Groups.swift in Sources */,
				9FDAB5931B73AA69007F5327 /* ProfileTextFieldTableViewCell.swift in Sources */,
				9FDAB5871B72674C007F5327 /* EditProfileViewController.swift in Sources */,
				9FDAB5991B73AC61007F5327 /* ProfileDateTableViewCell.swift in Sources */,
			);
			runOnlyForDeploymentPostprocessing = 0;
		};
		9FD8F24E1B6BD0E100B2DAF7 /* Sources */ = {
			isa = PBXSourcesBuildPhase;
			buildActionMask = 2147483647;
			files = (
				9FD8F2591B6BD0E100B2DAF7 /* SLUGGRTests.swift in Sources */,
			);
			runOnlyForDeploymentPostprocessing = 0;
		};
/* End PBXSourcesBuildPhase section */

/* Begin PBXTargetDependency section */
		9FD8F2541B6BD0E100B2DAF7 /* PBXTargetDependency */ = {
			isa = PBXTargetDependency;
			target = 9FD8F23C1B6BD0E100B2DAF7 /* SLUGGR */;
			targetProxy = 9FD8F2531B6BD0E100B2DAF7 /* PBXContainerItemProxy */;
		};
/* End PBXTargetDependency section */

/* Begin PBXVariantGroup section */
		9FD8F2461B6BD0E100B2DAF7 /* Main.storyboard */ = {
			isa = PBXVariantGroup;
			children = (
				9FD8F2471B6BD0E100B2DAF7 /* Base */,
			);
			name = Main.storyboard;
			sourceTree = "<group>";
		};
		9FD8F24B1B6BD0E100B2DAF7 /* LaunchScreen.xib */ = {
			isa = PBXVariantGroup;
			children = (
				9FD8F24C1B6BD0E100B2DAF7 /* Base */,
			);
			name = LaunchScreen.xib;
			sourceTree = "<group>";
		};
/* End PBXVariantGroup section */

/* Begin XCBuildConfiguration section */
		9FD8F25A1B6BD0E100B2DAF7 /* Debug */ = {
			isa = XCBuildConfiguration;
			buildSettings = {
				ALWAYS_SEARCH_USER_PATHS = NO;
				CLANG_CXX_LANGUAGE_STANDARD = "gnu++0x";
				CLANG_CXX_LIBRARY = "libc++";
				CLANG_ENABLE_MODULES = YES;
				CLANG_ENABLE_OBJC_ARC = YES;
				CLANG_WARN_BOOL_CONVERSION = YES;
				CLANG_WARN_CONSTANT_CONVERSION = YES;
				CLANG_WARN_DIRECT_OBJC_ISA_USAGE = YES_ERROR;
				CLANG_WARN_EMPTY_BODY = YES;
				CLANG_WARN_ENUM_CONVERSION = YES;
				CLANG_WARN_INT_CONVERSION = YES;
				CLANG_WARN_OBJC_ROOT_CLASS = YES_ERROR;
				CLANG_WARN_UNREACHABLE_CODE = YES;
				CLANG_WARN__DUPLICATE_METHOD_MATCH = YES;
				"CODE_SIGN_IDENTITY[sdk=iphoneos*]" = "iPhone Developer";
				COPY_PHASE_STRIP = NO;
				DEBUG_INFORMATION_FORMAT = "dwarf-with-dsym";
				ENABLE_STRICT_OBJC_MSGSEND = YES;
				GCC_C_LANGUAGE_STANDARD = gnu99;
				GCC_DYNAMIC_NO_PIC = NO;
				GCC_NO_COMMON_BLOCKS = YES;
				GCC_OPTIMIZATION_LEVEL = 0;
				GCC_PREPROCESSOR_DEFINITIONS = (
					"DEBUG=1",
					"$(inherited)",
				);
				GCC_SYMBOLS_PRIVATE_EXTERN = NO;
				GCC_WARN_64_TO_32_BIT_CONVERSION = YES;
				GCC_WARN_ABOUT_RETURN_TYPE = YES_ERROR;
				GCC_WARN_UNDECLARED_SELECTOR = YES;
				GCC_WARN_UNINITIALIZED_AUTOS = YES_AGGRESSIVE;
				GCC_WARN_UNUSED_FUNCTION = YES;
				GCC_WARN_UNUSED_VARIABLE = YES;
				IPHONEOS_DEPLOYMENT_TARGET = 8.3;
				MTL_ENABLE_DEBUG_INFO = YES;
				ONLY_ACTIVE_ARCH = YES;
				SDKROOT = iphoneos;
				SWIFT_OPTIMIZATION_LEVEL = "-Onone";
			};
			name = Debug;
		};
		9FD8F25B1B6BD0E100B2DAF7 /* Release */ = {
			isa = XCBuildConfiguration;
			buildSettings = {
				ALWAYS_SEARCH_USER_PATHS = NO;
				CLANG_CXX_LANGUAGE_STANDARD = "gnu++0x";
				CLANG_CXX_LIBRARY = "libc++";
				CLANG_ENABLE_MODULES = YES;
				CLANG_ENABLE_OBJC_ARC = YES;
				CLANG_WARN_BOOL_CONVERSION = YES;
				CLANG_WARN_CONSTANT_CONVERSION = YES;
				CLANG_WARN_DIRECT_OBJC_ISA_USAGE = YES_ERROR;
				CLANG_WARN_EMPTY_BODY = YES;
				CLANG_WARN_ENUM_CONVERSION = YES;
				CLANG_WARN_INT_CONVERSION = YES;
				CLANG_WARN_OBJC_ROOT_CLASS = YES_ERROR;
				CLANG_WARN_UNREACHABLE_CODE = YES;
				CLANG_WARN__DUPLICATE_METHOD_MATCH = YES;
				"CODE_SIGN_IDENTITY[sdk=iphoneos*]" = "iPhone Developer";
				COPY_PHASE_STRIP = NO;
				DEBUG_INFORMATION_FORMAT = "dwarf-with-dsym";
				ENABLE_NS_ASSERTIONS = NO;
				ENABLE_STRICT_OBJC_MSGSEND = YES;
				GCC_C_LANGUAGE_STANDARD = gnu99;
				GCC_NO_COMMON_BLOCKS = YES;
				GCC_WARN_64_TO_32_BIT_CONVERSION = YES;
				GCC_WARN_ABOUT_RETURN_TYPE = YES_ERROR;
				GCC_WARN_UNDECLARED_SELECTOR = YES;
				GCC_WARN_UNINITIALIZED_AUTOS = YES_AGGRESSIVE;
				GCC_WARN_UNUSED_FUNCTION = YES;
				GCC_WARN_UNUSED_VARIABLE = YES;
				IPHONEOS_DEPLOYMENT_TARGET = 8.3;
				MTL_ENABLE_DEBUG_INFO = NO;
				SDKROOT = iphoneos;
				VALIDATE_PRODUCT = YES;
			};
			name = Release;
		};
		9FD8F25D1B6BD0E100B2DAF7 /* Debug */ = {
			isa = XCBuildConfiguration;
			buildSettings = {
				ASSETCATALOG_COMPILER_APPICON_NAME = AppIcon;
				INFOPLIST_FILE = SLUGGR/Info.plist;
				LD_RUNPATH_SEARCH_PATHS = "$(inherited) @executable_path/Frameworks";
				PRODUCT_NAME = "$(TARGET_NAME)";
			};
			name = Debug;
		};
		9FD8F25E1B6BD0E100B2DAF7 /* Release */ = {
			isa = XCBuildConfiguration;
			buildSettings = {
				ASSETCATALOG_COMPILER_APPICON_NAME = AppIcon;
				INFOPLIST_FILE = SLUGGR/Info.plist;
				LD_RUNPATH_SEARCH_PATHS = "$(inherited) @executable_path/Frameworks";
				PRODUCT_NAME = "$(TARGET_NAME)";
			};
			name = Release;
		};
		9FD8F2601B6BD0E100B2DAF7 /* Debug */ = {
			isa = XCBuildConfiguration;
			buildSettings = {
				BUNDLE_LOADER = "$(TEST_HOST)";
				FRAMEWORK_SEARCH_PATHS = (
					"$(SDKROOT)/Developer/Library/Frameworks",
					"$(inherited)",
				);
				GCC_PREPROCESSOR_DEFINITIONS = (
					"DEBUG=1",
					"$(inherited)",
				);
				INFOPLIST_FILE = SLUGGRTests/Info.plist;
				LD_RUNPATH_SEARCH_PATHS = "$(inherited) @executable_path/Frameworks @loader_path/Frameworks";
				PRODUCT_NAME = "$(TARGET_NAME)";
				TEST_HOST = "$(BUILT_PRODUCTS_DIR)/SLUGGR.app/SLUGGR";
			};
			name = Debug;
		};
		9FD8F2611B6BD0E100B2DAF7 /* Release */ = {
			isa = XCBuildConfiguration;
			buildSettings = {
				BUNDLE_LOADER = "$(TEST_HOST)";
				FRAMEWORK_SEARCH_PATHS = (
					"$(SDKROOT)/Developer/Library/Frameworks",
					"$(inherited)",
				);
				INFOPLIST_FILE = SLUGGRTests/Info.plist;
				LD_RUNPATH_SEARCH_PATHS = "$(inherited) @executable_path/Frameworks @loader_path/Frameworks";
				PRODUCT_NAME = "$(TARGET_NAME)";
				TEST_HOST = "$(BUILT_PRODUCTS_DIR)/SLUGGR.app/SLUGGR";
			};
			name = Release;
		};
/* End XCBuildConfiguration section */

/* Begin XCConfigurationList section */
		9FD8F2381B6BD0E100B2DAF7 /* Build configuration list for PBXProject "SLUGGR" */ = {
			isa = XCConfigurationList;
			buildConfigurations = (
				9FD8F25A1B6BD0E100B2DAF7 /* Debug */,
				9FD8F25B1B6BD0E100B2DAF7 /* Release */,
			);
			defaultConfigurationIsVisible = 0;
			defaultConfigurationName = Release;
		};
		9FD8F25C1B6BD0E100B2DAF7 /* Build configuration list for PBXNativeTarget "SLUGGR" */ = {
			isa = XCConfigurationList;
			buildConfigurations = (
				9FD8F25D1B6BD0E100B2DAF7 /* Debug */,
				9FD8F25E1B6BD0E100B2DAF7 /* Release */,
			);
			defaultConfigurationIsVisible = 0;
			defaultConfigurationName = Release;
		};
		9FD8F25F1B6BD0E100B2DAF7 /* Build configuration list for PBXNativeTarget "SLUGGRTests" */ = {
			isa = XCConfigurationList;
			buildConfigurations = (
				9FD8F2601B6BD0E100B2DAF7 /* Debug */,
				9FD8F2611B6BD0E100B2DAF7 /* Release */,
			);
			defaultConfigurationIsVisible = 0;
			defaultConfigurationName = Release;
		};
/* End XCConfigurationList section */
	};
	rootObject = 9FD8F2351B6BD0E100B2DAF7 /* Project object */;
}
